
Microsoft Visual Studio Solution File, Format Version 12.00
# Visual Studio 2013
VisualStudioVersion = 12.0.31101.0
MinimumVisualStudioVersion = 10.0.40219.1
Project("{FAE04EC0-301F-11D3-BF4B-00C04F79EFBC}") = "de.bag.owh", "de.bag.owh\de.bag.owh.csproj", "{359F9D51-2DEF-4701-A638-9F519883D52F}"
EndProject
Global
	GlobalSection(TeamFoundationVersionControl) = preSolution
		SccNumberOfProjects = 2
		SccEnterpriseProvider = {4CA58AB2-18FA-4F8D-95D4-32DDF27D184C}
		SccTeamFoundationServer = https://diw-sc.visualstudio.com/defaultcollection
		SccLocalPath0 = .
		SccProjectUniqueName1 = de.bag.owh\\de.bag.owh.csproj
		SccProjectName1 = de.bag.owh
		SccLocalPath1 = de.bag.owh
	EndGlobalSection
	GlobalSection(SolutionConfigurationPlatforms) = preSolution
		Debug|Any CPU = Debug|Any CPU
		Release|Any CPU = Release|Any CPU
	EndGlobalSection
	GlobalSection(ProjectConfigurationPlatforms) = postSolution
		{359F9D51-2DEF-4701-A638-9F519883D52F}.Debug|Any CPU.ActiveCfg = Debug|Any CPU
		{359F9D51-2DEF-4701-A638-9F519883D52F}.Debug|Any CPU.Build.0 = Debug|Any CPU
		{359F9D51-2DEF-4701-A638-9F519883D52F}.Release|Any CPU.ActiveCfg = Release|Any CPU
		{359F9D51-2DEF-4701-A638-9F519883D52F}.Release|Any CPU.Build.0 = Release|Any CPU
	EndGlobalSection
	GlobalSection(SolutionProperties) = preSolution
		HideSolutionNode = FALSE
	EndGlobalSection
EndGlobal
